{
  "version": 4,
  "terraform_version": "1.9.3",
  "serial": 10,
  "lineage": "b003e890-434b-8771-b4d5-74bbe13f3eea",
  "outputs": {},
  "resources": [
    {
      "mode": "managed",
      "type": "azurerm_resource_group",
      "name": "rg",
      "provider": "provider[\"registry.terraform.io/hashicorp/azurerm\"]",
      "instances": [
        {
          "schema_version": 0,
          "attributes": {
            "id": "/subscriptions/fcbec72e-1d89-4525-b7da-40bfbbb9c700/resourceGroups/hello-world",
            "location": "southcentralus",
            "name": "hello-world",
            "tags": {
              "department": "java-cert",
              "environment": "dev",
              "owner": "Steve",
              "source": "Terraform"
            },
            "timeouts": null
          },
          "sensitive_attributes": [],
          "private": "eyJlMmJmYjczMC1lY2FhLTExZTYtOGY4OC0zNDM2M2JjN2M0YzAiOnsiY3JlYXRlIjo1NDAwMDAwMDAwMDAwLCJkZWxldGUiOjU0MDAwMDAwMDAwMDAsInJlYWQiOjMwMDAwMDAwMDAwMCwidXBkYXRlIjo1NDAwMDAwMDAwMDAwfX0="
        }
      ]
    }
  ],
  "check_results": null
}
